// !$*UTF8*$!
{
	archiveVersion = 1;
	classes = {
	};
	objectVersion = 55;
	objects = {

/* Begin PBXBuildFile section */
		751B3C4E3ED6D81A11C26AB6 /* Pods_testCeibaWilliam_testCeibaWilliamUITests.framework in Frameworks */ = {isa = PBXBuildFile; fileRef = 5FE2DC1FFC8AF9D36A7EC5E9 /* Pods_testCeibaWilliam_testCeibaWilliamUITests.framework */; };
		7D58EBA5282CAB3E00C51747 /* RealmTests.swift in Sources */ = {isa = PBXBuildFile; fileRef = 7D58EBA4282CAB3E00C51747 /* RealmTests.swift */; };
		7D58EBA7282CB1AA00C51747 /* NetworkTests.swift in Sources */ = {isa = PBXBuildFile; fileRef = 7D58EBA6282CB1AA00C51747 /* NetworkTests.swift */; };
		E982F1C038CBD1035DF47F84 /* Pods_testCeibaWilliam.framework in Frameworks */ = {isa = PBXBuildFile; fileRef = 9A5FA801EED41CD5D181C451 /* Pods_testCeibaWilliam.framework */; };
		F70C8DD1D1C23B17EBD426F2 /* Pods_testCeibaWilliamTests.framework in Frameworks */ = {isa = PBXBuildFile; fileRef = E7B31EB8335E5BDA71C6A3CB /* Pods_testCeibaWilliamTests.framework */; };
		F91A805E282B6ADC005B7C74 /* AppDelegate.swift in Sources */ = {isa = PBXBuildFile; fileRef = F91A805D282B6ADC005B7C74 /* AppDelegate.swift */; };
		F91A8060282B6ADC005B7C74 /* SceneDelegate.swift in Sources */ = {isa = PBXBuildFile; fileRef = F91A805F282B6ADC005B7C74 /* SceneDelegate.swift */; };
		F91A8062282B6ADC005B7C74 /* ViewController.swift in Sources */ = {isa = PBXBuildFile; fileRef = F91A8061282B6ADC005B7C74 /* ViewController.swift */; };
		F91A8065282B6ADC005B7C74 /* Main.storyboard in Resources */ = {isa = PBXBuildFile; fileRef = F91A8063282B6ADC005B7C74 /* Main.storyboard */; };
		F91A8067282B6ADE005B7C74 /* Assets.xcassets in Resources */ = {isa = PBXBuildFile; fileRef = F91A8066282B6ADE005B7C74 /* Assets.xcassets */; };
		F91A806A282B6ADE005B7C74 /* LaunchScreen.storyboard in Resources */ = {isa = PBXBuildFile; fileRef = F91A8068282B6ADE005B7C74 /* LaunchScreen.storyboard */; };
		F91A8075282B6ADE005B7C74 /* testCeibaWilliamTests.swift in Sources */ = {isa = PBXBuildFile; fileRef = F91A8074282B6ADE005B7C74 /* testCeibaWilliamTests.swift */; };
		F91A807F282B6ADE005B7C74 /* testCeibaWilliamUITests.swift in Sources */ = {isa = PBXBuildFile; fileRef = F91A807E282B6ADE005B7C74 /* testCeibaWilliamUITests.swift */; };
		F91A8081282B6ADE005B7C74 /* testCeibaWilliamUITestsLaunchTests.swift in Sources */ = {isa = PBXBuildFile; fileRef = F91A8080282B6ADE005B7C74 /* testCeibaWilliamUITestsLaunchTests.swift */; };
		F91A808F282B6EAE005B7C74 /* APIService.swift in Sources */ = {isa = PBXBuildFile; fileRef = F91A808E282B6EAE005B7C74 /* APIService.swift */; };
		F91A8095282B754C005B7C74 /* User.swift in Sources */ = {isa = PBXBuildFile; fileRef = F91A8094282B754C005B7C74 /* User.swift */; };
		F91A8097282B78DF005B7C74 /* HomeViewModel.swift in Sources */ = {isa = PBXBuildFile; fileRef = F91A8096282B78DF005B7C74 /* HomeViewModel.swift */; };
		F91A809D282B8B62005B7C74 /* ProgressView.swift in Sources */ = {isa = PBXBuildFile; fileRef = F91A809C282B8B62005B7C74 /* ProgressView.swift */; };
		F91A80A0282B8DC4005B7C74 /* AlertView.swift in Sources */ = {isa = PBXBuildFile; fileRef = F91A809F282B8DC4005B7C74 /* AlertView.swift */; };
		F91A80A2282B8F15005B7C74 /* Usercell.swift in Sources */ = {isa = PBXBuildFile; fileRef = F91A80A1282B8F15005B7C74 /* Usercell.swift */; };
		F91A80A8282C632D005B7C74 /* PostsViewController.swift in Sources */ = {isa = PBXBuildFile; fileRef = F91A80A7282C632D005B7C74 /* PostsViewController.swift */; };
		F91A80AA282C67A2005B7C74 /* PostsViewModel.swift in Sources */ = {isa = PBXBuildFile; fileRef = F91A80A9282C67A2005B7C74 /* PostsViewModel.swift */; };
		F91A80AC282C67FB005B7C74 /* Post.swift in Sources */ = {isa = PBXBuildFile; fileRef = F91A80AB282C67FB005B7C74 /* Post.swift */; };
		F91A80AE282C6B7C005B7C74 /* PostCell.swift in Sources */ = {isa = PBXBuildFile; fileRef = F91A80AD282C6B7B005B7C74 /* PostCell.swift */; };
		F91A80B3282C8999005B7C74 /* UserRealm.swift in Sources */ = {isa = PBXBuildFile; fileRef = F91A80B2282C8999005B7C74 /* UserRealm.swift */; };
/* End PBXBuildFile section */

/* Begin PBXContainerItemProxy section */
		F91A8071282B6ADE005B7C74 /* PBXContainerItemProxy */ = {
			isa = PBXContainerItemProxy;
			containerPortal = F91A8052282B6ADC005B7C74 /* Project object */;
			proxyType = 1;
			remoteGlobalIDString = F91A8059282B6ADC005B7C74;
			remoteInfo = testCeibaWilliam;
		};
		F91A807B282B6ADE005B7C74 /* PBXContainerItemProxy */ = {
			isa = PBXContainerItemProxy;
			containerPortal = F91A8052282B6ADC005B7C74 /* Project object */;
			proxyType = 1;
			remoteGlobalIDString = F91A8059282B6ADC005B7C74;
			remoteInfo = testCeibaWilliam;
		};
/* End PBXContainerItemProxy section */

/* Begin PBXFileReference section */
		346B115E73B903DB2FBE3895 /* Pods-testCeibaWilliam.debug.xcconfig */ = {isa = PBXFileReference; includeInIndex = 1; lastKnownFileType = text.xcconfig; name = "Pods-testCeibaWilliam.debug.xcconfig"; path = "Target Support Files/Pods-testCeibaWilliam/Pods-testCeibaWilliam.debug.xcconfig"; sourceTree = "<group>"; };
		4B3C1E644BFDC49144A42158 /* Pods-testCeibaWilliam-testCeibaWilliamUITests.release.xcconfig */ = {isa = PBXFileReference; includeInIndex = 1; lastKnownFileType = text.xcconfig; name = "Pods-testCeibaWilliam-testCeibaWilliamUITests.release.xcconfig"; path = "Target Support Files/Pods-testCeibaWilliam-testCeibaWilliamUITests/Pods-testCeibaWilliam-testCeibaWilliamUITests.release.xcconfig"; sourceTree = "<group>"; };
		51AE7E27E522978D09352A39 /* Pods-testCeibaWilliam-testCeibaWilliamUITests.debug.xcconfig */ = {isa = PBXFileReference; includeInIndex = 1; lastKnownFileType = text.xcconfig; name = "Pods-testCeibaWilliam-testCeibaWilliamUITests.debug.xcconfig"; path = "Target Support Files/Pods-testCeibaWilliam-testCeibaWilliamUITests/Pods-testCeibaWilliam-testCeibaWilliamUITests.debug.xcconfig"; sourceTree = "<group>"; };
		5736BC2EB8BDBBD5BF1019A4 /* Pods-testCeibaWilliam.release.xcconfig */ = {isa = PBXFileReference; includeInIndex = 1; lastKnownFileType = text.xcconfig; name = "Pods-testCeibaWilliam.release.xcconfig"; path = "Target Support Files/Pods-testCeibaWilliam/Pods-testCeibaWilliam.release.xcconfig"; sourceTree = "<group>"; };
		5FE2DC1FFC8AF9D36A7EC5E9 /* Pods_testCeibaWilliam_testCeibaWilliamUITests.framework */ = {isa = PBXFileReference; explicitFileType = wrapper.framework; includeInIndex = 0; path = Pods_testCeibaWilliam_testCeibaWilliamUITests.framework; sourceTree = BUILT_PRODUCTS_DIR; };
		7D58EBA4282CAB3E00C51747 /* RealmTests.swift */ = {isa = PBXFileReference; lastKnownFileType = sourcecode.swift; path = RealmTests.swift; sourceTree = "<group>"; };
		7D58EBA6282CB1AA00C51747 /* NetworkTests.swift */ = {isa = PBXFileReference; lastKnownFileType = sourcecode.swift; path = NetworkTests.swift; sourceTree = "<group>"; };
		8190255C87830843D746014D /* Pods-testCeibaWilliamTests.release.xcconfig */ = {isa = PBXFileReference; includeInIndex = 1; lastKnownFileType = text.xcconfig; name = "Pods-testCeibaWilliamTests.release.xcconfig"; path = "Target Support Files/Pods-testCeibaWilliamTests/Pods-testCeibaWilliamTests.release.xcconfig"; sourceTree = "<group>"; };
		9A5FA801EED41CD5D181C451 /* Pods_testCeibaWilliam.framework */ = {isa = PBXFileReference; explicitFileType = wrapper.framework; includeInIndex = 0; path = Pods_testCeibaWilliam.framework; sourceTree = BUILT_PRODUCTS_DIR; };
		C854ABADB14C1D8F1940930C /* Pods-testCeibaWilliamTests.debug.xcconfig */ = {isa = PBXFileReference; includeInIndex = 1; lastKnownFileType = text.xcconfig; name = "Pods-testCeibaWilliamTests.debug.xcconfig"; path = "Target Support Files/Pods-testCeibaWilliamTests/Pods-testCeibaWilliamTests.debug.xcconfig"; sourceTree = "<group>"; };
		E7B31EB8335E5BDA71C6A3CB /* Pods_testCeibaWilliamTests.framework */ = {isa = PBXFileReference; explicitFileType = wrapper.framework; includeInIndex = 0; path = Pods_testCeibaWilliamTests.framework; sourceTree = BUILT_PRODUCTS_DIR; };
		F91A805A282B6ADC005B7C74 /* testCeibaWilliam.app */ = {isa = PBXFileReference; explicitFileType = wrapper.application; includeInIndex = 0; path = testCeibaWilliam.app; sourceTree = BUILT_PRODUCTS_DIR; };
		F91A805D282B6ADC005B7C74 /* AppDelegate.swift */ = {isa = PBXFileReference; lastKnownFileType = sourcecode.swift; path = AppDelegate.swift; sourceTree = "<group>"; };
		F91A805F282B6ADC005B7C74 /* SceneDelegate.swift */ = {isa = PBXFileReference; lastKnownFileType = sourcecode.swift; path = SceneDelegate.swift; sourceTree = "<group>"; };
		F91A8061282B6ADC005B7C74 /* ViewController.swift */ = {isa = PBXFileReference; lastKnownFileType = sourcecode.swift; path = ViewController.swift; sourceTree = "<group>"; };
		F91A8064282B6ADC005B7C74 /* Base */ = {isa = PBXFileReference; lastKnownFileType = file.storyboard; name = Base; path = Base.lproj/Main.storyboard; sourceTree = "<group>"; };
		F91A8066282B6ADE005B7C74 /* Assets.xcassets */ = {isa = PBXFileReference; lastKnownFileType = folder.assetcatalog; path = Assets.xcassets; sourceTree = "<group>"; };
		F91A8069282B6ADE005B7C74 /* Base */ = {isa = PBXFileReference; lastKnownFileType = file.storyboard; name = Base; path = Base.lproj/LaunchScreen.storyboard; sourceTree = "<group>"; };
		F91A806B282B6ADE005B7C74 /* Info.plist */ = {isa = PBXFileReference; lastKnownFileType = text.plist.xml; path = Info.plist; sourceTree = "<group>"; };
		F91A8070282B6ADE005B7C74 /* testCeibaWilliamTests.xctest */ = {isa = PBXFileReference; explicitFileType = wrapper.cfbundle; includeInIndex = 0; path = testCeibaWilliamTests.xctest; sourceTree = BUILT_PRODUCTS_DIR; };
		F91A8074282B6ADE005B7C74 /* testCeibaWilliamTests.swift */ = {isa = PBXFileReference; lastKnownFileType = sourcecode.swift; path = testCeibaWilliamTests.swift; sourceTree = "<group>"; };
		F91A807A282B6ADE005B7C74 /* testCeibaWilliamUITests.xctest */ = {isa = PBXFileReference; explicitFileType = wrapper.cfbundle; includeInIndex = 0; path = testCeibaWilliamUITests.xctest; sourceTree = BUILT_PRODUCTS_DIR; };
		F91A807E282B6ADE005B7C74 /* testCeibaWilliamUITests.swift */ = {isa = PBXFileReference; lastKnownFileType = sourcecode.swift; path = testCeibaWilliamUITests.swift; sourceTree = "<group>"; };
		F91A8080282B6ADE005B7C74 /* testCeibaWilliamUITestsLaunchTests.swift */ = {isa = PBXFileReference; lastKnownFileType = sourcecode.swift; path = testCeibaWilliamUITestsLaunchTests.swift; sourceTree = "<group>"; };
		F91A808E282B6EAE005B7C74 /* APIService.swift */ = {isa = PBXFileReference; lastKnownFileType = sourcecode.swift; path = APIService.swift; sourceTree = "<group>"; };
		F91A8094282B754C005B7C74 /* User.swift */ = {isa = PBXFileReference; lastKnownFileType = sourcecode.swift; path = User.swift; sourceTree = "<group>"; };
		F91A8096282B78DF005B7C74 /* HomeViewModel.swift */ = {isa = PBXFileReference; lastKnownFileType = sourcecode.swift; path = HomeViewModel.swift; sourceTree = "<group>"; };
		F91A809C282B8B62005B7C74 /* ProgressView.swift */ = {isa = PBXFileReference; lastKnownFileType = sourcecode.swift; path = ProgressView.swift; sourceTree = "<group>"; };
		F91A809F282B8DC4005B7C74 /* AlertView.swift */ = {isa = PBXFileReference; lastKnownFileType = sourcecode.swift; path = AlertView.swift; sourceTree = "<group>"; };
		F91A80A1282B8F15005B7C74 /* Usercell.swift */ = {isa = PBXFileReference; lastKnownFileType = sourcecode.swift; path = Usercell.swift; sourceTree = "<group>"; };
		F91A80A7282C632D005B7C74 /* PostsViewController.swift */ = {isa = PBXFileReference; lastKnownFileType = sourcecode.swift; path = PostsViewController.swift; sourceTree = "<group>"; };
		F91A80A9282C67A2005B7C74 /* PostsViewModel.swift */ = {isa = PBXFileReference; lastKnownFileType = sourcecode.swift; path = PostsViewModel.swift; sourceTree = "<group>"; };
		F91A80AB282C67FB005B7C74 /* Post.swift */ = {isa = PBXFileReference; lastKnownFileType = sourcecode.swift; path = Post.swift; sourceTree = "<group>"; };
		F91A80AD282C6B7B005B7C74 /* PostCell.swift */ = {isa = PBXFileReference; lastKnownFileType = sourcecode.swift; path = PostCell.swift; sourceTree = "<group>"; };
		F91A80B2282C8999005B7C74 /* UserRealm.swift */ = {isa = PBXFileReference; lastKnownFileType = sourcecode.swift; path = UserRealm.swift; sourceTree = "<group>"; };
/* End PBXFileReference section */

/* Begin PBXFrameworksBuildPhase section */
		F91A8057282B6ADC005B7C74 /* Frameworks */ = {
			isa = PBXFrameworksBuildPhase;
			buildActionMask = 2147483647;
			files = (
				E982F1C038CBD1035DF47F84 /* Pods_testCeibaWilliam.framework in Frameworks */,
			);
			runOnlyForDeploymentPostprocessing = 0;
		};
		F91A806D282B6ADE005B7C74 /* Frameworks */ = {
			isa = PBXFrameworksBuildPhase;
			buildActionMask = 2147483647;
			files = (
				F70C8DD1D1C23B17EBD426F2 /* Pods_testCeibaWilliamTests.framework in Frameworks */,
			);
			runOnlyForDeploymentPostprocessing = 0;
		};
		F91A8077282B6ADE005B7C74 /* Frameworks */ = {
			isa = PBXFrameworksBuildPhase;
			buildActionMask = 2147483647;
			files = (
				751B3C4E3ED6D81A11C26AB6 /* Pods_testCeibaWilliam_testCeibaWilliamUITests.framework in Frameworks */,
			);
			runOnlyForDeploymentPostprocessing = 0;
		};
/* End PBXFrameworksBuildPhase section */

/* Begin PBXGroup section */
		65A4ABBEA5FE4D9ED4CB0B86 /* Pods */ = {
			isa = PBXGroup;
			children = (
				346B115E73B903DB2FBE3895 /* Pods-testCeibaWilliam.debug.xcconfig */,
				5736BC2EB8BDBBD5BF1019A4 /* Pods-testCeibaWilliam.release.xcconfig */,
				51AE7E27E522978D09352A39 /* Pods-testCeibaWilliam-testCeibaWilliamUITests.debug.xcconfig */,
				4B3C1E644BFDC49144A42158 /* Pods-testCeibaWilliam-testCeibaWilliamUITests.release.xcconfig */,
				C854ABADB14C1D8F1940930C /* Pods-testCeibaWilliamTests.debug.xcconfig */,
				8190255C87830843D746014D /* Pods-testCeibaWilliamTests.release.xcconfig */,
			);
			path = Pods;
			sourceTree = "<group>";
		};
		F91A8051282B6ADC005B7C74 = {
			isa = PBXGroup;
			children = (
				F91A805C282B6ADC005B7C74 /* testCeibaWilliam */,
				F91A8073282B6ADE005B7C74 /* testCeibaWilliamTests */,
				F91A807D282B6ADE005B7C74 /* testCeibaWilliamUITests */,
				F91A805B282B6ADC005B7C74 /* Products */,
				65A4ABBEA5FE4D9ED4CB0B86 /* Pods */,
				FD9F9A9F18AB2545FC83EA87 /* Frameworks */,
			);
			sourceTree = "<group>";
		};
		F91A805B282B6ADC005B7C74 /* Products */ = {
			isa = PBXGroup;
			children = (
				F91A805A282B6ADC005B7C74 /* testCeibaWilliam.app */,
				F91A8070282B6ADE005B7C74 /* testCeibaWilliamTests.xctest */,
				F91A807A282B6ADE005B7C74 /* testCeibaWilliamUITests.xctest */,
			);
			name = Products;
			sourceTree = "<group>";
		};
		F91A805C282B6ADC005B7C74 /* testCeibaWilliam */ = {
			isa = PBXGroup;
			children = (
				F91A8098282B83F4005B7C74 /* Utilities */,
				F91A8090282B6F06005B7C74 /* Home */,
				F91A80A3282BAACD005B7C74 /* Publications */,
				F91A805D282B6ADC005B7C74 /* AppDelegate.swift */,
				F91A805F282B6ADC005B7C74 /* SceneDelegate.swift */,
				F91A8063282B6ADC005B7C74 /* Main.storyboard */,
				F91A8066282B6ADE005B7C74 /* Assets.xcassets */,
				F91A8068282B6ADE005B7C74 /* LaunchScreen.storyboard */,
				F91A806B282B6ADE005B7C74 /* Info.plist */,
			);
			path = testCeibaWilliam;
			sourceTree = "<group>";
		};
		F91A8073282B6ADE005B7C74 /* testCeibaWilliamTests */ = {
			isa = PBXGroup;
			children = (
				F91A8074282B6ADE005B7C74 /* testCeibaWilliamTests.swift */,
				7D58EBA4282CAB3E00C51747 /* RealmTests.swift */,
				7D58EBA6282CB1AA00C51747 /* NetworkTests.swift */,
			);
			path = testCeibaWilliamTests;
			sourceTree = "<group>";
		};
		F91A807D282B6ADE005B7C74 /* testCeibaWilliamUITests */ = {
			isa = PBXGroup;
			children = (
				F91A807E282B6ADE005B7C74 /* testCeibaWilliamUITests.swift */,
				F91A8080282B6ADE005B7C74 /* testCeibaWilliamUITestsLaunchTests.swift */,
			);
			path = testCeibaWilliamUITests;
			sourceTree = "<group>";
		};
		F91A8090282B6F06005B7C74 /* Home */ = {
			isa = PBXGroup;
			children = (
				F91A8093282B6F2B005B7C74 /* Views */,
				F91A8092282B6F20005B7C74 /* ViewModels */,
				F91A8091282B6F18005B7C74 /* Models */,
			);
			path = Home;
			sourceTree = "<group>";
		};
		F91A8091282B6F18005B7C74 /* Models */ = {
			isa = PBXGroup;
			children = (
				F91A80B1282C8972005B7C74 /* Realm */,
				F91A8094282B754C005B7C74 /* User.swift */,
			);
			path = Models;
			sourceTree = "<group>";
		};
		F91A8092282B6F20005B7C74 /* ViewModels */ = {
			isa = PBXGroup;
			children = (
				F91A8096282B78DF005B7C74 /* HomeViewModel.swift */,
			);
			path = ViewModels;
			sourceTree = "<group>";
		};
		F91A8093282B6F2B005B7C74 /* Views */ = {
			isa = PBXGroup;
			children = (
				F91A8061282B6ADC005B7C74 /* ViewController.swift */,
				F91A80A1282B8F15005B7C74 /* Usercell.swift */,
			);
			path = Views;
			sourceTree = "<group>";
		};
		F91A8098282B83F4005B7C74 /* Utilities */ = {
			isa = PBXGroup;
			children = (
				F91A808E282B6EAE005B7C74 /* APIService.swift */,
				F91A809C282B8B62005B7C74 /* ProgressView.swift */,
				F91A809F282B8DC4005B7C74 /* AlertView.swift */,
			);
			path = Utilities;
			sourceTree = "<group>";
		};
		F91A80A3282BAACD005B7C74 /* Publications */ = {
			isa = PBXGroup;
			children = (
				F91A80A6282BAAF6005B7C74 /* Views */,
				F91A80A5282BAAEB005B7C74 /* ViewModels */,
				F91A80A4282BAAE4005B7C74 /* Models */,
			);
			path = Publications;
			sourceTree = "<group>";
		};
		F91A80A4282BAAE4005B7C74 /* Models */ = {
			isa = PBXGroup;
			children = (
				F91A80AB282C67FB005B7C74 /* Post.swift */,
			);
			path = Models;
			sourceTree = "<group>";
		};
		F91A80A5282BAAEB005B7C74 /* ViewModels */ = {
			isa = PBXGroup;
			children = (
				F91A80A9282C67A2005B7C74 /* PostsViewModel.swift */,
			);
			path = ViewModels;
			sourceTree = "<group>";
		};
		F91A80A6282BAAF6005B7C74 /* Views */ = {
			isa = PBXGroup;
			children = (
				F91A80A7282C632D005B7C74 /* PostsViewController.swift */,
				F91A80AD282C6B7B005B7C74 /* PostCell.swift */,
			);
			path = Views;
			sourceTree = "<group>";
		};
		F91A80B1282C8972005B7C74 /* Realm */ = {
			isa = PBXGroup;
			children = (
				F91A80B2282C8999005B7C74 /* UserRealm.swift */,
			);
			path = Realm;
			sourceTree = "<group>";
		};
		FD9F9A9F18AB2545FC83EA87 /* Frameworks */ = {
			isa = PBXGroup;
			children = (
				9A5FA801EED41CD5D181C451 /* Pods_testCeibaWilliam.framework */,
				5FE2DC1FFC8AF9D36A7EC5E9 /* Pods_testCeibaWilliam_testCeibaWilliamUITests.framework */,
				E7B31EB8335E5BDA71C6A3CB /* Pods_testCeibaWilliamTests.framework */,
			);
			name = Frameworks;
			sourceTree = "<group>";
		};
/* End PBXGroup section */

/* Begin PBXNativeTarget section */
		F91A8059282B6ADC005B7C74 /* testCeibaWilliam */ = {
			isa = PBXNativeTarget;
			buildConfigurationList = F91A8084282B6ADE005B7C74 /* Build configuration list for PBXNativeTarget "testCeibaWilliam" */;
			buildPhases = (
				5A06CBC65577CEEB34EAE870 /* [CP] Check Pods Manifest.lock */,
				F91A8056282B6ADC005B7C74 /* Sources */,
				F91A8057282B6ADC005B7C74 /* Frameworks */,
				F91A8058282B6ADC005B7C74 /* Resources */,
				5E8E7EFF293709AC53709828 /* [CP] Embed Pods Frameworks */,
			);
			buildRules = (
			);
			dependencies = (
			);
			name = testCeibaWilliam;
			productName = testCeibaWilliam;
			productReference = F91A805A282B6ADC005B7C74 /* testCeibaWilliam.app */;
			productType = "com.apple.product-type.application";
		};
		F91A806F282B6ADE005B7C74 /* testCeibaWilliamTests */ = {
			isa = PBXNativeTarget;
			buildConfigurationList = F91A8087282B6ADE005B7C74 /* Build configuration list for PBXNativeTarget "testCeibaWilliamTests" */;
			buildPhases = (
				10510946B5E61D6E0AA12987 /* [CP] Check Pods Manifest.lock */,
				F91A806C282B6ADE005B7C74 /* Sources */,
				F91A806D282B6ADE005B7C74 /* Frameworks */,
				F91A806E282B6ADE005B7C74 /* Resources */,
			);
			buildRules = (
			);
			dependencies = (
				F91A8072282B6ADE005B7C74 /* PBXTargetDependency */,
			);
			name = testCeibaWilliamTests;
			productName = testCeibaWilliamTests;
			productReference = F91A8070282B6ADE005B7C74 /* testCeibaWilliamTests.xctest */;
			productType = "com.apple.product-type.bundle.unit-test";
		};
		F91A8079282B6ADE005B7C74 /* testCeibaWilliamUITests */ = {
			isa = PBXNativeTarget;
			buildConfigurationList = F91A808A282B6ADE005B7C74 /* Build configuration list for PBXNativeTarget "testCeibaWilliamUITests" */;
			buildPhases = (
				0E23DC3B95086D4D8D7320A7 /* [CP] Check Pods Manifest.lock */,
				F91A8076282B6ADE005B7C74 /* Sources */,
				F91A8077282B6ADE005B7C74 /* Frameworks */,
				F91A8078282B6ADE005B7C74 /* Resources */,
				5E5E20252AFB4CADA2D44C71 /* [CP] Embed Pods Frameworks */,
			);
			buildRules = (
			);
			dependencies = (
				F91A807C282B6ADE005B7C74 /* PBXTargetDependency */,
			);
			name = testCeibaWilliamUITests;
			productName = testCeibaWilliamUITests;
			productReference = F91A807A282B6ADE005B7C74 /* testCeibaWilliamUITests.xctest */;
			productType = "com.apple.product-type.bundle.ui-testing";
		};
/* End PBXNativeTarget section */

/* Begin PBXProject section */
		F91A8052282B6ADC005B7C74 /* Project object */ = {
			isa = PBXProject;
			attributes = {
				BuildIndependentTargetsInParallel = 1;
				LastSwiftUpdateCheck = 1330;
				LastUpgradeCheck = 1330;
				TargetAttributes = {
					F91A8059282B6ADC005B7C74 = {
						CreatedOnToolsVersion = 13.3.1;
					};
					F91A806F282B6ADE005B7C74 = {
						CreatedOnToolsVersion = 13.3.1;
						TestTargetID = F91A8059282B6ADC005B7C74;
					};
					F91A8079282B6ADE005B7C74 = {
						CreatedOnToolsVersion = 13.3.1;
						TestTargetID = F91A8059282B6ADC005B7C74;
					};
				};
			};
			buildConfigurationList = F91A8055282B6ADC005B7C74 /* Build configuration list for PBXProject "testCeibaWilliam" */;
			compatibilityVersion = "Xcode 13.0";
			developmentRegion = en;
			hasScannedForEncodings = 0;
			knownRegions = (
				en,
				Base,
			);
			mainGroup = F91A8051282B6ADC005B7C74;
			productRefGroup = F91A805B282B6ADC005B7C74 /* Products */;
			projectDirPath = "";
			projectRoot = "";
			targets = (
				F91A8059282B6ADC005B7C74 /* testCeibaWilliam */,
				F91A806F282B6ADE005B7C74 /* testCeibaWilliamTests */,
				F91A8079282B6ADE005B7C74 /* testCeibaWilliamUITests */,
			);
		};
/* End PBXProject section */

/* Begin PBXResourcesBuildPhase section */
		F91A8058282B6ADC005B7C74 /* Resources */ = {
			isa = PBXResourcesBuildPhase;
			buildActionMask = 2147483647;
			files = (
				F91A806A282B6ADE005B7C74 /* LaunchScreen.storyboard in Resources */,
				F91A8067282B6ADE005B7C74 /* Assets.xcassets in Resources */,
				F91A8065282B6ADC005B7C74 /* Main.storyboard in Resources */,
			);
			runOnlyForDeploymentPostprocessing = 0;
		};
		F91A806E282B6ADE005B7C74 /* Resources */ = {
			isa = PBXResourcesBuildPhase;
			buildActionMask = 2147483647;
			files = (
			);
			runOnlyForDeploymentPostprocessing = 0;
		};
		F91A8078282B6ADE005B7C74 /* Resources */ = {
			isa = PBXResourcesBuildPhase;
			buildActionMask = 2147483647;
			files = (
			);
			runOnlyForDeploymentPostprocessing = 0;
		};
/* End PBXResourcesBuildPhase section */

/* Begin PBXShellScriptBuildPhase section */
		0E23DC3B95086D4D8D7320A7 /* [CP] Check Pods Manifest.lock */ = {
			isa = PBXShellScriptBuildPhase;
			buildActionMask = 2147483647;
			files = (
			);
			inputFileListPaths = (
			);
			inputPaths = (
				"${PODS_PODFILE_DIR_PATH}/Podfile.lock",
				"${PODS_ROOT}/Manifest.lock",
			);
			name = "[CP] Check Pods Manifest.lock";
			outputFileListPaths = (
			);
			outputPaths = (
				"$(DERIVED_FILE_DIR)/Pods-testCeibaWilliam-testCeibaWilliamUITests-checkManifestLockResult.txt",
			);
			runOnlyForDeploymentPostprocessing = 0;
			shellPath = /bin/sh;
			shellScript = "diff \"${PODS_PODFILE_DIR_PATH}/Podfile.lock\" \"${PODS_ROOT}/Manifest.lock\" > /dev/null\nif [ $? != 0 ] ; then\n    # print error to STDERR\n    echo \"error: The sandbox is not in sync with the Podfile.lock. Run 'pod install' or update your CocoaPods installation.\" >&2\n    exit 1\nfi\n# This output is used by Xcode 'outputs' to avoid re-running this script phase.\necho \"SUCCESS\" > \"${SCRIPT_OUTPUT_FILE_0}\"\n";
			showEnvVarsInLog = 0;
		};
		10510946B5E61D6E0AA12987 /* [CP] Check Pods Manifest.lock */ = {
			isa = PBXShellScriptBuildPhase;
			buildActionMask = 2147483647;
			files = (
			);
			inputFileListPaths = (
			);
			inputPaths = (
				"${PODS_PODFILE_DIR_PATH}/Podfile.lock",
				"${PODS_ROOT}/Manifest.lock",
			);
			name = "[CP] Check Pods Manifest.lock";
			outputFileListPaths = (
			);
			outputPaths = (
				"$(DERIVED_FILE_DIR)/Pods-testCeibaWilliamTests-checkManifestLockResult.txt",
			);
			runOnlyForDeploymentPostprocessing = 0;
			shellPath = /bin/sh;
			shellScript = "diff \"${PODS_PODFILE_DIR_PATH}/Podfile.lock\" \"${PODS_ROOT}/Manifest.lock\" > /dev/null\nif [ $? != 0 ] ; then\n    # print error to STDERR\n    echo \"error: The sandbox is not in sync with the Podfile.lock. Run 'pod install' or update your CocoaPods installation.\" >&2\n    exit 1\nfi\n# This output is used by Xcode 'outputs' to avoid re-running this script phase.\necho \"SUCCESS\" > \"${SCRIPT_OUTPUT_FILE_0}\"\n";
			showEnvVarsInLog = 0;
		};
		5A06CBC65577CEEB34EAE870 /* [CP] Check Pods Manifest.lock */ = {
			isa = PBXShellScriptBuildPhase;
			buildActionMask = 2147483647;
			files = (
			);
			inputFileListPaths = (
			);
			inputPaths = (
				"${PODS_PODFILE_DIR_PATH}/Podfile.lock",
				"${PODS_ROOT}/Manifest.lock",
			);
			name = "[CP] Check Pods Manifest.lock";
			outputFileListPaths = (
			);
			outputPaths = (
				"$(DERIVED_FILE_DIR)/Pods-testCeibaWilliam-checkManifestLockResult.txt",
			);
			runOnlyForDeploymentPostprocessing = 0;
			shellPath = /bin/sh;
			shellScript = "diff \"${PODS_PODFILE_DIR_PATH}/Podfile.lock\" \"${PODS_ROOT}/Manifest.lock\" > /dev/null\nif [ $? != 0 ] ; then\n    # print error to STDERR\n    echo \"error: The sandbox is not in sync with the Podfile.lock. Run 'pod install' or update your CocoaPods installation.\" >&2\n    exit 1\nfi\n# This output is used by Xcode 'outputs' to avoid re-running this script phase.\necho \"SUCCESS\" > \"${SCRIPT_OUTPUT_FILE_0}\"\n";
			showEnvVarsInLog = 0;
		};
		5E5E20252AFB4CADA2D44C71 /* [CP] Embed Pods Frameworks */ = {
			isa = PBXShellScriptBuildPhase;
			buildActionMask = 2147483647;
			files = (
			);
			inputFileListPaths = (
				"${PODS_ROOT}/Target Support Files/Pods-testCeibaWilliam-testCeibaWilliamUITests/Pods-testCeibaWilliam-testCeibaWilliamUITests-frameworks-${CONFIGURATION}-input-files.xcfilelist",
			);
			name = "[CP] Embed Pods Frameworks";
			outputFileListPaths = (
				"${PODS_ROOT}/Target Support Files/Pods-testCeibaWilliam-testCeibaWilliamUITests/Pods-testCeibaWilliam-testCeibaWilliamUITests-frameworks-${CONFIGURATION}-output-files.xcfilelist",
			);
			runOnlyForDeploymentPostprocessing = 0;
			shellPath = /bin/sh;
			shellScript = "\"${PODS_ROOT}/Target Support Files/Pods-testCeibaWilliam-testCeibaWilliamUITests/Pods-testCeibaWilliam-testCeibaWilliamUITests-frameworks.sh\"\n";
			showEnvVarsInLog = 0;
		};
		5E8E7EFF293709AC53709828 /* [CP] Embed Pods Frameworks */ = {
			isa = PBXShellScriptBuildPhase;
			buildActionMask = 2147483647;
			files = (
			);
			inputFileListPaths = (
				"${PODS_ROOT}/Target Support Files/Pods-testCeibaWilliam/Pods-testCeibaWilliam-frameworks-${CONFIGURATION}-input-files.xcfilelist",
			);
			name = "[CP] Embed Pods Frameworks";
			outputFileListPaths = (
				"${PODS_ROOT}/Target Support Files/Pods-testCeibaWilliam/Pods-testCeibaWilliam-frameworks-${CONFIGURATION}-output-files.xcfilelist",
			);
			runOnlyForDeploymentPostprocessing = 0;
			shellPath = /bin/sh;
			shellScript = "\"${PODS_ROOT}/Target Support Files/Pods-testCeibaWilliam/Pods-testCeibaWilliam-frameworks.sh\"\n";
			showEnvVarsInLog = 0;
		};
/* End PBXShellScriptBuildPhase section */

/* Begin PBXSourcesBuildPhase section */
		F91A8056282B6ADC005B7C74 /* Sources */ = {
			isa = PBXSourcesBuildPhase;
			buildActionMask = 2147483647;
			files = (
				F91A80A8282C632D005B7C74 /* PostsViewController.swift in Sources */,
				F91A80A2282B8F15005B7C74 /* Usercell.swift in Sources */,
				F91A80AE282C6B7C005B7C74 /* PostCell.swift in Sources */,
				F91A8062282B6ADC005B7C74 /* ViewController.swift in Sources */,
				F91A8097282B78DF005B7C74 /* HomeViewModel.swift in Sources */,
				F91A805E282B6ADC005B7C74 /* AppDelegate.swift in Sources */,
				F91A808F282B6EAE005B7C74 /* APIService.swift in Sources */,
				F91A80AC282C67FB005B7C74 /* Post.swift in Sources */,
				F91A80AA282C67A2005B7C74 /* PostsViewModel.swift in Sources */,
				F91A809D282B8B62005B7C74 /* ProgressView.swift in Sources */,
				F91A80A0282B8DC4005B7C74 /* AlertView.swift in Sources */,
				F91A8095282B754C005B7C74 /* User.swift in Sources */,
				F91A80B3282C8999005B7C74 /* UserRealm.swift in Sources */,
				F91A8060282B6ADC005B7C74 /* SceneDelegate.swift in Sources */,
			);
			runOnlyForDeploymentPostprocessing = 0;
		};
		F91A806C282B6ADE005B7C74 /* Sources */ = {
			isa = PBXSourcesBuildPhase;
			buildActionMask = 2147483647;
			files = (
				7D58EBA7282CB1AA00C51747 /* NetworkTests.swift in Sources */,
				F91A8075282B6ADE005B7C74 /* testCeibaWilliamTests.swift in Sources */,
				7D58EBA5282CAB3E00C51747 /* RealmTests.swift in Sources */,
			);
			runOnlyForDeploymentPostprocessing = 0;
		};
		F91A8076282B6ADE005B7C74 /* Sources */ = {
			isa = PBXSourcesBuildPhase;
			buildActionMask = 2147483647;
			files = (
				F91A807F282B6ADE005B7C74 /* testCeibaWilliamUITests.swift in Sources */,
				F91A8081282B6ADE005B7C74 /* testCeibaWilliamUITestsLaunchTests.swift in Sources */,
			);
			runOnlyForDeploymentPostprocessing = 0;
		};
/* End PBXSourcesBuildPhase section */

/* Begin PBXTargetDependency section */
		F91A8072282B6ADE005B7C74 /* PBXTargetDependency */ = {
			isa = PBXTargetDependency;
			target = F91A8059282B6ADC005B7C74 /* testCeibaWilliam */;
			targetProxy = F91A8071282B6ADE005B7C74 /* PBXContainerItemProxy */;
		};
		F91A807C282B6ADE005B7C74 /* PBXTargetDependency */ = {
			isa = PBXTargetDependency;
			target = F91A8059282B6ADC005B7C74 /* testCeibaWilliam */;
			targetProxy = F91A807B282B6ADE005B7C74 /* PBXContainerItemProxy */;
		};
/* End PBXTargetDependency section */

/* Begin PBXVariantGroup section */
		F91A8063282B6ADC005B7C74 /* Main.storyboard */ = {
			isa = PBXVariantGroup;
			children = (
				F91A8064282B6ADC005B7C74 /* Base */,
			);
			name = Main.storyboard;
			sourceTree = "<group>";
		};
		F91A8068282B6ADE005B7C74 /* LaunchScreen.storyboard */ = {
			isa = PBXVariantGroup;
			children = (
				F91A8069282B6ADE005B7C74 /* Base */,
			);
			name = LaunchScreen.storyboard;
			sourceTree = "<group>";
		};
/* End PBXVariantGroup section */

/* Begin XCBuildConfiguration section */
		F91A8082282B6ADE005B7C74 /* Debug */ = {
			isa = XCBuildConfiguration;
			buildSettings = {
				ALWAYS_SEARCH_USER_PATHS = NO;
				CLANG_ANALYZER_NONNULL = YES;
				CLANG_ANALYZER_NUMBER_OBJECT_CONVERSION = YES_AGGRESSIVE;
				CLANG_CXX_LANGUAGE_STANDARD = "gnu++17";
				CLANG_ENABLE_MODULES = YES;
				CLANG_ENABLE_OBJC_ARC = YES;
				CLANG_ENABLE_OBJC_WEAK = YES;
				CLANG_WARN_BLOCK_CAPTURE_AUTORELEASING = YES;
				CLANG_WARN_BOOL_CONVERSION = YES;
				CLANG_WARN_COMMA = YES;
				CLANG_WARN_CONSTANT_CONVERSION = YES;
				CLANG_WARN_DEPRECATED_OBJC_IMPLEMENTATIONS = YES;
				CLANG_WARN_DIRECT_OBJC_ISA_USAGE = YES_ERROR;
				CLANG_WARN_DOCUMENTATION_COMMENTS = YES;
				CLANG_WARN_EMPTY_BODY = YES;
				CLANG_WARN_ENUM_CONVERSION = YES;
				CLANG_WARN_INFINITE_RECURSION = YES;
				CLANG_WARN_INT_CONVERSION = YES;
				CLANG_WARN_NON_LITERAL_NULL_CONVERSION = YES;
				CLANG_WARN_OBJC_IMPLICIT_RETAIN_SELF = YES;
				CLANG_WARN_OBJC_LITERAL_CONVERSION = YES;
				CLANG_WARN_OBJC_ROOT_CLASS = YES_ERROR;
				CLANG_WARN_QUOTED_INCLUDE_IN_FRAMEWORK_HEADER = YES;
				CLANG_WARN_RANGE_LOOP_ANALYSIS = YES;
				CLANG_WARN_STRICT_PROTOTYPES = YES;
				CLANG_WARN_SUSPICIOUS_MOVE = YES;
				CLANG_WARN_UNGUARDED_AVAILABILITY = YES_AGGRESSIVE;
				CLANG_WARN_UNREACHABLE_CODE = YES;
				CLANG_WARN__DUPLICATE_METHOD_MATCH = YES;
				COPY_PHASE_STRIP = NO;
				DEBUG_INFORMATION_FORMAT = dwarf;
				ENABLE_STRICT_OBJC_MSGSEND = YES;
				ENABLE_TESTABILITY = YES;
				"EXCLUDED_ARCHS[sdk=iphonesimulator*]" = arm64;
				GCC_C_LANGUAGE_STANDARD = gnu11;
				GCC_DYNAMIC_NO_PIC = NO;
				GCC_NO_COMMON_BLOCKS = YES;
				GCC_OPTIMIZATION_LEVEL = 0;
				GCC_PREPROCESSOR_DEFINITIONS = (
					"DEBUG=1",
					"$(inherited)",
				);
				GCC_WARN_64_TO_32_BIT_CONVERSION = YES;
				GCC_WARN_ABOUT_RETURN_TYPE = YES_ERROR;
				GCC_WARN_UNDECLARED_SELECTOR = YES;
				GCC_WARN_UNINITIALIZED_AUTOS = YES_AGGRESSIVE;
				GCC_WARN_UNUSED_FUNCTION = YES;
				GCC_WARN_UNUSED_VARIABLE = YES;
				IPHONEOS_DEPLOYMENT_TARGET = 15.4;
				MTL_ENABLE_DEBUG_INFO = INCLUDE_SOURCE;
				MTL_FAST_MATH = YES;
				ONLY_ACTIVE_ARCH = YES;
				SDKROOT = iphoneos;
				SWIFT_ACTIVE_COMPILATION_CONDITIONS = DEBUG;
				SWIFT_OPTIMIZATION_LEVEL = "-Onone";
			};
			name = Debug;
		};
		F91A8083282B6ADE005B7C74 /* Release */ = {
			isa = XCBuildConfiguration;
			buildSettings = {
				ALWAYS_SEARCH_USER_PATHS = NO;
				CLANG_ANALYZER_NONNULL = YES;
				CLANG_ANALYZER_NUMBER_OBJECT_CONVERSION = YES_AGGRESSIVE;
				CLANG_CXX_LANGUAGE_STANDARD = "gnu++17";
				CLANG_ENABLE_MODULES = YES;
				CLANG_ENABLE_OBJC_ARC = YES;
				CLANG_ENABLE_OBJC_WEAK = YES;
				CLANG_WARN_BLOCK_CAPTURE_AUTORELEASING = YES;
				CLANG_WARN_BOOL_CONVERSION = YES;
				CLANG_WARN_COMMA = YES;
				CLANG_WARN_CONSTANT_CONVERSION = YES;
				CLANG_WARN_DEPRECATED_OBJC_IMPLEMENTATIONS = YES;
				CLANG_WARN_DIRECT_OBJC_ISA_USAGE = YES_ERROR;
				CLANG_WARN_DOCUMENTATION_COMMENTS = YES;
				CLANG_WARN_EMPTY_BODY = YES;
				CLANG_WARN_ENUM_CONVERSION = YES;
				CLANG_WARN_INFINITE_RECURSION = YES;
				CLANG_WARN_INT_CONVERSION = YES;
				CLANG_WARN_NON_LITERAL_NULL_CONVERSION = YES;
				CLANG_WARN_OBJC_IMPLICIT_RETAIN_SELF = YES;
				CLANG_WARN_OBJC_LITERAL_CONVERSION = YES;
				CLANG_WARN_OBJC_ROOT_CLASS = YES_ERROR;
				CLANG_WARN_QUOTED_INCLUDE_IN_FRAMEWORK_HEADER = YES;
				CLANG_WARN_RANGE_LOOP_ANALYSIS = YES;
				CLANG_WARN_STRICT_PROTOTYPES = YES;
				CLANG_WARN_SUSPICIOUS_MOVE = YES;
				CLANG_WARN_UNGUARDED_AVAILABILITY = YES_AGGRESSIVE;
				CLANG_WARN_UNREACHABLE_CODE = YES;
				CLANG_WARN__DUPLICATE_METHOD_MATCH = YES;
				COPY_PHASE_STRIP = NO;
				DEBUG_INFORMATION_FORMAT = "dwarf-with-dsym";
				ENABLE_NS_ASSERTIONS = NO;
				ENABLE_STRICT_OBJC_MSGSEND = YES;
				GCC_C_LANGUAGE_STANDARD = gnu11;
				GCC_NO_COMMON_BLOCKS = YES;
				GCC_WARN_64_TO_32_BIT_CONVERSION = YES;
				GCC_WARN_ABOUT_RETURN_TYPE = YES_ERROR;
				GCC_WARN_UNDECLARED_SELECTOR = YES;
				GCC_WARN_UNINITIALIZED_AUTOS = YES_AGGRESSIVE;
				GCC_WARN_UNUSED_FUNCTION = YES;
				GCC_WARN_UNUSED_VARIABLE = YES;
				IPHONEOS_DEPLOYMENT_TARGET = 15.4;
				MTL_ENABLE_DEBUG_INFO = NO;
				MTL_FAST_MATH = YES;
				SDKROOT = iphoneos;
				SWIFT_COMPILATION_MODE = wholemodule;
				SWIFT_OPTIMIZATION_LEVEL = "-O";
				VALIDATE_PRODUCT = YES;
			};
			name = Release;
		};
		F91A8085282B6ADE005B7C74 /* Debug */ = {
			isa = XCBuildConfiguration;
			baseConfigurationReference = 346B115E73B903DB2FBE3895 /* Pods-testCeibaWilliam.debug.xcconfig */;
			buildSettings = {
				ASSETCATALOG_COMPILER_APPICON_NAME = AppIcon;
				ASSETCATALOG_COMPILER_GLOBAL_ACCENT_COLOR_NAME = AccentColor;
				CODE_SIGN_IDENTITY = "Apple Development";
				CODE_SIGN_STYLE = Automatic;
				CURRENT_PROJECT_VERSION = 1;
				DEVELOPMENT_TEAM = "";
				"EXCLUDED_ARCHS[sdk=iphonesimulator*]" = arm64;
				GENERATE_INFOPLIST_FILE = YES;
				INFOPLIST_FILE = testCeibaWilliam/Info.plist;
				INFOPLIST_KEY_UIApplicationSupportsIndirectInputEvents = YES;
				INFOPLIST_KEY_UILaunchStoryboardName = LaunchScreen;
				INFOPLIST_KEY_UIMainStoryboardFile = Main;
				INFOPLIST_KEY_UISupportedInterfaceOrientations_iPad = "UIInterfaceOrientationPortrait UIInterfaceOrientationPortraitUpsideDown UIInterfaceOrientationLandscapeLeft UIInterfaceOrientationLandscapeRight";
				INFOPLIST_KEY_UISupportedInterfaceOrientations_iPhone = "UIInterfaceOrientationPortrait UIInterfaceOrientationLandscapeLeft UIInterfaceOrientationLandscapeRight";
				LD_RUNPATH_SEARCH_PATHS = (
					"$(inherited)",
					"@executable_path/Frameworks",
				);
				MARKETING_VERSION = 1.0;
				PRODUCT_BUNDLE_IDENTIFIER = com.william.testWilliam.testCeibaWilliam;
				PRODUCT_NAME = "$(TARGET_NAME)";
				PROVISIONING_PROFILE_SPECIFIER = "";
				SWIFT_EMIT_LOC_STRINGS = YES;
				SWIFT_VERSION = 5.0;
				TARGETED_DEVICE_FAMILY = "1,2";
			};
			name = Debug;
		};
		F91A8086282B6ADE005B7C74 /* Release */ = {
			isa = XCBuildConfiguration;
			baseConfigurationReference = 5736BC2EB8BDBBD5BF1019A4 /* Pods-testCeibaWilliam.release.xcconfig */;
			buildSettings = {
				ASSETCATALOG_COMPILER_APPICON_NAME = AppIcon;
				ASSETCATALOG_COMPILER_GLOBAL_ACCENT_COLOR_NAME = AccentColor;
				CODE_SIGN_IDENTITY = "Apple Development";
				CODE_SIGN_STYLE = Automatic;
				CURRENT_PROJECT_VERSION = 1;
				DEVELOPMENT_TEAM = "";
				GENERATE_INFOPLIST_FILE = YES;
				INFOPLIST_FILE = testCeibaWilliam/Info.plist;
				INFOPLIST_KEY_UIApplicationSupportsIndirectInputEvents = YES;
				INFOPLIST_KEY_UILaunchStoryboardName = LaunchScreen;
				INFOPLIST_KEY_UIMainStoryboardFile = Main;
				INFOPLIST_KEY_UISupportedInterfaceOrientations_iPad = "UIInterfaceOrientationPortrait UIInterfaceOrientationPortraitUpsideDown UIInterfaceOrientationLandscapeLeft UIInterfaceOrientationLandscapeRight";
				INFOPLIST_KEY_UISupportedInterfaceOrientations_iPhone = "UIInterfaceOrientationPortrait UIInterfaceOrientationLandscapeLeft UIInterfaceOrientationLandscapeRight";
				LD_RUNPATH_SEARCH_PATHS = (
					"$(inherited)",
					"@executable_path/Frameworks",
				);
				MARKETING_VERSION = 1.0;
				PRODUCT_BUNDLE_IDENTIFIER = com.william.testWilliam.testCeibaWilliam;
				PRODUCT_NAME = "$(TARGET_NAME)";
				PROVISIONING_PROFILE_SPECIFIER = "";
				SWIFT_EMIT_LOC_STRINGS = YES;
				SWIFT_VERSION = 5.0;
				TARGETED_DEVICE_FAMILY = "1,2";
			};
			name = Release;
		};
		F91A8088282B6ADE005B7C74 /* Debug */ = {
			isa = XCBuildConfiguration;
			baseConfigurationReference = C854ABADB14C1D8F1940930C /* Pods-testCeibaWilliamTests.debug.xcconfig */;
			buildSettings = {
				ALWAYS_EMBED_SWIFT_STANDARD_LIBRARIES = YES;
				BUNDLE_LOADER = "$(TEST_HOST)";
				CODE_SIGN_STYLE = Automatic;
				CURRENT_PROJECT_VERSION = 1;
				DEVELOPMENT_TEAM = 6T62M22T36;
				GENERATE_INFOPLIST_FILE = YES;
				IPHONEOS_DEPLOYMENT_TARGET = 15.4;
				MARKETING_VERSION = 1.0;
				PRODUCT_BUNDLE_IDENTIFIER = com.william.testWilliam.testCeibaWilliamTests;
				PRODUCT_NAME = "$(TARGET_NAME)";
				SWIFT_EMIT_LOC_STRINGS = NO;
				SWIFT_VERSION = 5.0;
				TARGETED_DEVICE_FAMILY = "1,2";
				TEST_HOST = "$(BUILT_PRODUCTS_DIR)/testCeibaWilliam.app/testCeibaWilliam";
			};
			name = Debug;
		};
		F91A8089282B6ADE005B7C74 /* Release */ = {
			isa = XCBuildConfiguration;
			baseConfigurationReference = 8190255C87830843D746014D /* Pods-testCeibaWilliamTests.release.xcconfig */;
			buildSettings = {
				ALWAYS_EMBED_SWIFT_STANDARD_LIBRARIES = YES;
				BUNDLE_LOADER = "$(TEST_HOST)";
				CODE_SIGN_STYLE = Automatic;
				CURRENT_PROJECT_VERSION = 1;
				DEVELOPMENT_TEAM = 6T62M22T36;
				GENERATE_INFOPLIST_FILE = YES;
				IPHONEOS_DEPLOYMENT_TARGET = 15.4;
				MARKETING_VERSION = 1.0;
				PRODUCT_BUNDLE_IDENTIFIER = com.william.testWilliam.testCeibaWilliamTests;
				PRODUCT_NAME = "$(TARGET_NAME)";
				SWIFT_EMIT_LOC_STRINGS = NO;
				SWIFT_VERSION = 5.0;
				TARGETED_DEVICE_FAMILY = "1,2";
				TEST_HOST = "$(BUILT_PRODUCTS_DIR)/testCeibaWilliam.app/testCeibaWilliam";
			};
			name = Release;
		};
		F91A808B282B6ADE005B7C74 /* Debug */ = {
			isa = XCBuildConfiguration;
			baseConfigurationReference = 51AE7E27E522978D09352A39 /* Pods-testCeibaWilliam-testCeibaWilliamUITests.debug.xcconfig */;
			buildSettings = {
				ALWAYS_EMBED_SWIFT_STANDARD_LIBRARIES = YES;
				CODE_SIGN_STYLE = Automatic;
				CURRENT_PROJECT_VERSION = 1;
				DEVELOPMENT_TEAM = 6T62M22T36;
				GENERATE_INFOPLIST_FILE = YES;
				MARKETING_VERSION = 1.0;
				PRODUCT_BUNDLE_IDENTIFIER = com.william.testWilliam.testCeibaWilliamUITests;
				PRODUCT_NAME = "$(TARGET_NAME)";
				SWIFT_EMIT_LOC_STRINGS = NO;
				SWIFT_VERSION = 5.0;
				TARGETED_DEVICE_FAMILY = "1,2";
				TEST_TARGET_NAME = testCeibaWilliam;
			};
			name = Debug;
		};
		F91A808C282B6ADE005B7C74 /* Release */ = {
			isa = XCBuildConfiguration;
			baseConfigurationReference = 4B3C1E644BFDC49144A42158 /* Pods-testCeibaWilliam-testCeibaWilliamUITests.release.xcconfig */;
			buildSettings = {
				ALWAYS_EMBED_SWIFT_STANDARD_LIBRARIES = YES;
				CODE_SIGN_STYLE = Automatic;
				CURRENT_PROJECT_VERSION = 1;
				DEVELOPMENT_TEAM = 6T62M22T36;
				GENERATE_INFOPLIST_FILE = YES;
				MARKETING_VERSION = 1.0;
				PRODUCT_BUNDLE_IDENTIFIER = com.william.testWilliam.testCeibaWilliamUITests;
				PRODUCT_NAME = "$(TARGET_NAME)";
				SWIFT_EMIT_LOC_STRINGS = NO;
				SWIFT_VERSION = 5.0;
				TARGETED_DEVICE_FAMILY = "1,2";
				TEST_TARGET_NAME = testCeibaWilliam;
			};
			name = Release;
		};
/* End XCBuildConfiguration section */

/* Begin XCConfigurationList section */
		F91A8055282B6ADC005B7C74 /* Build configuration list for PBXProject "testCeibaWilliam" */ = {
			isa = XCConfigurationList;
			buildConfigurations = (
				F91A8082282B6ADE005B7C74 /* Debug */,
				F91A8083282B6ADE005B7C74 /* Release */,
			);
			defaultConfigurationIsVisible = 0;
			defaultConfigurationName = Release;
		};
		F91A8084282B6ADE005B7C74 /* Build configuration list for PBXNativeTarget "testCeibaWilliam" */ = {
			isa = XCConfigurationList;
			buildConfigurations = (
				F91A8085282B6ADE005B7C74 /* Debug */,
				F91A8086282B6ADE005B7C74 /* Release */,
			);
			defaultConfigurationIsVisible = 0;
			defaultConfigurationName = Release;
		};
		F91A8087282B6ADE005B7C74 /* Build configuration list for PBXNativeTarget "testCeibaWilliamTests" */ = {
			isa = XCConfigurationList;
			buildConfigurations = (
				F91A8088282B6ADE005B7C74 /* Debug */,
				F91A8089282B6ADE005B7C74 /* Release */,
			);
			defaultConfigurationIsVisible = 0;
			defaultConfigurationName = Release;
		};
		F91A808A282B6ADE005B7C74 /* Build configuration list for PBXNativeTarget "testCeibaWilliamUITests" */ = {
			isa = XCConfigurationList;
			buildConfigurations = (
				F91A808B282B6ADE005B7C74 /* Debug */,
				F91A808C282B6ADE005B7C74 /* Release */,
			);
			defaultConfigurationIsVisible = 0;
			defaultConfigurationName = Release;
		};
/* End XCConfigurationList section */
	};
	rootObject = F91A8052282B6ADC005B7C74 /* Project object */;
}
